
Microsoft Visual Studio Solution File, Format Version 12.00
# Visual Studio Version 17
VisualStudioVersion = 17.11.35219.272
MinimumVisualStudioVersion = 10.0.40219.1
Project("{FAE04EC0-301F-11D3-BF4B-00C04F79EFBC}") = "Technical Assessment Jandre Serfontein", "Technical Assessment Jandre Serfontein.csproj", "{38E8EE02-A0D8-4EAC-BDCD-68B3F5513483}"
EndProject
Global
	GlobalSection(SolutionConfigurationPlatforms) = preSolution
		Debug|Any CPU = Debug|Any CPU
		Release|Any CPU = Release|Any CPU
	EndGlobalSection
	GlobalSection(ProjectConfigurationPlatforms) = postSolution
		{38E8EE02-A0D8-4EAC-BDCD-68B3F5513483}.Debug|Any CPU.ActiveCfg = Debug|Any CPU
		{38E8EE02-A0D8-4EAC-BDCD-68B3F5513483}.Debug|Any CPU.Build.0 = Debug|Any CPU
		{38E8EE02-A0D8-4EAC-BDCD-68B3F5513483}.Release|Any CPU.ActiveCfg = Release|Any CPU
		{38E8EE02-A0D8-4EAC-BDCD-68B3F5513483}.Release|Any CPU.Build.0 = Release|Any CPU
	EndGlobalSection
	GlobalSection(SolutionProperties) = preSolution
		HideSolutionNode = FALSE
	EndGlobalSection
	GlobalSection(ExtensibilityGlobals) = postSolution
		SolutionGuid = {07FC7665-0D65-4808-94DF-91DE6E039B59}
	EndGlobalSection
EndGlobal
